// !$*UTF8*$!
{
	archiveVersion = 1;
	classes = {
	};
	objectVersion = 55;
	objects = {

/* Begin PBXBuildFile section */
		1929290226F1139500B7BC9C /* AppDelegate.swift in Sources */ = {isa = PBXBuildFile; fileRef = 1929290126F1139500B7BC9C /* AppDelegate.swift */; };
		1929290426F1139500B7BC9C /* SceneDelegate.swift in Sources */ = {isa = PBXBuildFile; fileRef = 1929290326F1139500B7BC9C /* SceneDelegate.swift */; };
		1929290626F1139500B7BC9C /* ViewController.swift in Sources */ = {isa = PBXBuildFile; fileRef = 1929290526F1139500B7BC9C /* ViewController.swift */; };
		1929290926F1139500B7BC9C /* Main.storyboard in Resources */ = {isa = PBXBuildFile; fileRef = 1929290726F1139500B7BC9C /* Main.storyboard */; };
		1929290B26F1139A00B7BC9C /* Assets.xcassets in Resources */ = {isa = PBXBuildFile; fileRef = 1929290A26F1139A00B7BC9C /* Assets.xcassets */; };
		1929290E26F1139A00B7BC9C /* LaunchScreen.storyboard in Resources */ = {isa = PBXBuildFile; fileRef = 1929290C26F1139A00B7BC9C /* LaunchScreen.storyboard */; };
		1929291926F1139B00B7BC9C /* ProjectTransformerTests.swift in Sources */ = {isa = PBXBuildFile; fileRef = 1929291826F1139B00B7BC9C /* ProjectTransformerTests.swift */; };
		1929292326F1139B00B7BC9C /* ProjectTransformerUITests.swift in Sources */ = {isa = PBXBuildFile; fileRef = 1929292226F1139B00B7BC9C /* ProjectTransformerUITests.swift */; };
		1929292526F1139B00B7BC9C /* ProjectTransformerUITestsLaunchTests.swift in Sources */ = {isa = PBXBuildFile; fileRef = 1929292426F1139B00B7BC9C /* ProjectTransformerUITestsLaunchTests.swift */; };
/* End PBXBuildFile section */

/* Begin PBXContainerItemProxy section */
		1929291526F1139B00B7BC9C /* PBXContainerItemProxy */ = {
			isa = PBXContainerItemProxy;
			containerPortal = 192928F626F1139500B7BC9C /* Project object */;
			proxyType = 1;
			remoteGlobalIDString = 192928FD26F1139500B7BC9C;
			remoteInfo = ProjectTransformer;
		};
		1929291F26F1139B00B7BC9C /* PBXContainerItemProxy */ = {
			isa = PBXContainerItemProxy;
			containerPortal = 192928F626F1139500B7BC9C /* Project object */;
			proxyType = 1;
			remoteGlobalIDString = 192928FD26F1139500B7BC9C;
			remoteInfo = ProjectTransformer;
		};
/* End PBXContainerItemProxy section */

/* Begin PBXFileReference section */
		192928FE26F1139500B7BC9C /* ProjectTransformer.app */ = {isa = PBXFileReference; explicitFileType = wrapper.application; includeInIndex = 0; path = ProjectTransformer.app; sourceTree = BUILT_PRODUCTS_DIR; };
		1929290126F1139500B7BC9C /* AppDelegate.swift */ = {isa = PBXFileReference; lastKnownFileType = sourcecode.swift; path = AppDelegate.swift; sourceTree = "<group>"; };
		1929290326F1139500B7BC9C /* SceneDelegate.swift */ = {isa = PBXFileReference; lastKnownFileType = sourcecode.swift; path = SceneDelegate.swift; sourceTree = "<group>"; };
		1929290526F1139500B7BC9C /* ViewController.swift */ = {isa = PBXFileReference; lastKnownFileType = sourcecode.swift; path = ViewController.swift; sourceTree = "<group>"; };
		1929290826F1139500B7BC9C /* Base */ = {isa = PBXFileReference; lastKnownFileType = file.storyboard; name = Base; path = Base.lproj/Main.storyboard; sourceTree = "<group>"; };
		1929290A26F1139A00B7BC9C /* Assets.xcassets */ = {isa = PBXFileReference; lastKnownFileType = folder.assetcatalog; path = Assets.xcassets; sourceTree = "<group>"; };
		1929290D26F1139A00B7BC9C /* Base */ = {isa = PBXFileReference; lastKnownFileType = file.storyboard; name = Base; path = Base.lproj/LaunchScreen.storyboard; sourceTree = "<group>"; };
		1929290F26F1139A00B7BC9C /* Info.plist */ = {isa = PBXFileReference; lastKnownFileType = text.plist.xml; path = Info.plist; sourceTree = "<group>"; };
		1929291426F1139B00B7BC9C /* ProjectTransformerTests.xctest */ = {isa = PBXFileReference; explicitFileType = wrapper.cfbundle; includeInIndex = 0; path = ProjectTransformerTests.xctest; sourceTree = BUILT_PRODUCTS_DIR; };
		1929291826F1139B00B7BC9C /* ProjectTransformerTests.swift */ = {isa = PBXFileReference; lastKnownFileType = sourcecode.swift; path = ProjectTransformerTests.swift; sourceTree = "<group>"; };
		1929291E26F1139B00B7BC9C /* ProjectTransformerUITests.xctest */ = {isa = PBXFileReference; explicitFileType = wrapper.cfbundle; includeInIndex = 0; path = ProjectTransformerUITests.xctest; sourceTree = BUILT_PRODUCTS_DIR; };
		1929292226F1139B00B7BC9C /* ProjectTransformerUITests.swift */ = {isa = PBXFileReference; lastKnownFileType = sourcecode.swift; path = ProjectTransformerUITests.swift; sourceTree = "<group>"; };
		1929292426F1139B00B7BC9C /* ProjectTransformerUITestsLaunchTests.swift */ = {isa = PBXFileReference; lastKnownFileType = sourcecode.swift; path = ProjectTransformerUITestsLaunchTests.swift; sourceTree = "<group>"; };
/* End PBXFileReference section */

/* Begin PBXFrameworksBuildPhase section */
		192928FB26F1139500B7BC9C /* Frameworks */ = {
			isa = PBXFrameworksBuildPhase;
			buildActionMask = 2147483647;
			files = (
			);
			runOnlyForDeploymentPostprocessing = 0;
		};
		1929291126F1139B00B7BC9C /* Frameworks */ = {
			isa = PBXFrameworksBuildPhase;
			buildActionMask = 2147483647;
			files = (
			);
			runOnlyForDeploymentPostprocessing = 0;
		};
		1929291B26F1139B00B7BC9C /* Frameworks */ = {
			isa = PBXFrameworksBuildPhase;
			buildActionMask = 2147483647;
			files = (
			);
			runOnlyForDeploymentPostprocessing = 0;
		};
/* End PBXFrameworksBuildPhase section */

/* Begin PBXGroup section */
		192928F526F1139500B7BC9C = {
			isa = PBXGroup;
			children = (
				1929290026F1139500B7BC9C /* ProjectTransformer */,
				1929291726F1139B00B7BC9C /* ProjectTransformerTests */,
				1929292126F1139B00B7BC9C /* ProjectTransformerUITests */,
				192928FF26F1139500B7BC9C /* Products */,
			);
			sourceTree = "<group>";
		};
		192928FF26F1139500B7BC9C /* Products */ = {
			isa = PBXGroup;
			children = (
				192928FE26F1139500B7BC9C /* ProjectTransformer.app */,
				1929291426F1139B00B7BC9C /* ProjectTransformerTests.xctest */,
				1929291E26F1139B00B7BC9C /* ProjectTransformerUITests.xctest */,
			);
			name = Products;
			sourceTree = "<group>";
		};
		1929290026F1139500B7BC9C /* ProjectTransformer */ = {
			isa = PBXGroup;
			children = (
				1929290126F1139500B7BC9C /* AppDelegate.swift */,
				1929290326F1139500B7BC9C /* SceneDelegate.swift */,
				1929290526F1139500B7BC9C /* ViewController.swift */,
				1929290726F1139500B7BC9C /* Main.storyboard */,
				1929290A26F1139A00B7BC9C /* Assets.xcassets */,
				1929290C26F1139A00B7BC9C /* LaunchScreen.storyboard */,
				1929290F26F1139A00B7BC9C /* Info.plist */,
			);
			path = ProjectTransformer;
			sourceTree = "<group>";
		};
		1929291726F1139B00B7BC9C /* ProjectTransformerTests */ = {
			isa = PBXGroup;
			children = (
				1929291826F1139B00B7BC9C /* ProjectTransformerTests.swift */,
			);
			path = ProjectTransformerTests;
			sourceTree = "<group>";
		};
		1929292126F1139B00B7BC9C /* ProjectTransformerUITests */ = {
			isa = PBXGroup;
			children = (
				1929292226F1139B00B7BC9C /* ProjectTransformerUITests.swift */,
				1929292426F1139B00B7BC9C /* ProjectTransformerUITestsLaunchTests.swift */,
			);
			path = ProjectTransformerUITests;
			sourceTree = "<group>";
		};
/* End PBXGroup section */

/* Begin PBXNativeTarget section */
		192928FD26F1139500B7BC9C /* ProjectTransformer */ = {
			isa = PBXNativeTarget;
			buildConfigurationList = 1929292826F1139B00B7BC9C /* Build configuration list for PBXNativeTarget "ProjectTransformer" */;
			buildPhases = (
				192928FA26F1139500B7BC9C /* Sources */,
				192928FB26F1139500B7BC9C /* Frameworks */,
				192928FC26F1139500B7BC9C /* Resources */,
			);
			buildRules = (
			);
			dependencies = (
			);
			name = ProjectTransformer;
			productName = ProjectTransformer;
			productReference = 192928FE26F1139500B7BC9C /* ProjectTransformer.app */;
			productType = "com.apple.product-type.application";
		};
		1929291326F1139B00B7BC9C /* ProjectTransformerTests */ = {
			isa = PBXNativeTarget;
			buildConfigurationList = 1929292B26F1139B00B7BC9C /* Build configuration list for PBXNativeTarget "ProjectTransformerTests" */;
			buildPhases = (
				1929291026F1139B00B7BC9C /* Sources */,
				1929291126F1139B00B7BC9C /* Frameworks */,
				1929291226F1139B00B7BC9C /* Resources */,
			);
			buildRules = (
			);
			dependencies = (
				1929291626F1139B00B7BC9C /* PBXTargetDependency */,
			);
			name = ProjectTransformerTests;
			productName = ProjectTransformerTests;
			productReference = 1929291426F1139B00B7BC9C /* ProjectTransformerTests.xctest */;
			productType = "com.apple.product-type.bundle.unit-test";
		};
		1929291D26F1139B00B7BC9C /* ProjectTransformerUITests */ = {
			isa = PBXNativeTarget;
			buildConfigurationList = 1929292E26F1139B00B7BC9C /* Build configuration list for PBXNativeTarget "ProjectTransformerUITests" */;
			buildPhases = (
				1929291A26F1139B00B7BC9C /* Sources */,
				1929291B26F1139B00B7BC9C /* Frameworks */,
				1929291C26F1139B00B7BC9C /* Resources */,
			);
			buildRules = (
			);
			dependencies = (
				1929292026F1139B00B7BC9C /* PBXTargetDependency */,
			);
			name = ProjectTransformerUITests;
			productName = ProjectTransformerUITests;
			productReference = 1929291E26F1139B00B7BC9C /* ProjectTransformerUITests.xctest */;
			productType = "com.apple.product-type.bundle.ui-testing";
		};
/* End PBXNativeTarget section */

/* Begin PBXProject section */
		192928F626F1139500B7BC9C /* Project object */ = {
			isa = PBXProject;
			attributes = {
				BuildIndependentTargetsInParallel = 1;
				LastSwiftUpdateCheck = 1300;
				LastUpgradeCheck = 1300;
				TargetAttributes = {
					192928FD26F1139500B7BC9C = {
						CreatedOnToolsVersion = 13.0;
					};
					1929291326F1139B00B7BC9C = {
						CreatedOnToolsVersion = 13.0;
						TestTargetID = 192928FD26F1139500B7BC9C;
					};
					1929291D26F1139B00B7BC9C = {
						CreatedOnToolsVersion = 13.0;
						TestTargetID = 192928FD26F1139500B7BC9C;
					};
				};
			};
			buildConfigurationList = 192928F926F1139500B7BC9C /* Build configuration list for PBXProject "ProjectTransformer" */;
			compatibilityVersion = "Xcode 13.0";
			developmentRegion = en;
			hasScannedForEncodings = 0;
			knownRegions = (
				en,
				Base,
			);
			mainGroup = 192928F526F1139500B7BC9C;
			productRefGroup = 192928FF26F1139500B7BC9C /* Products */;
			projectDirPath = "";
			projectRoot = "";
			targets = (
				192928FD26F1139500B7BC9C /* ProjectTransformer */,
				1929291326F1139B00B7BC9C /* ProjectTransformerTests */,
				1929291D26F1139B00B7BC9C /* ProjectTransformerUITests */,
			);
		};
/* End PBXProject section */

/* Begin PBXResourcesBuildPhase section */
		192928FC26F1139500B7BC9C /* Resources */ = {
			isa = PBXResourcesBuildPhase;
			buildActionMask = 2147483647;
			files = (
				1929290E26F1139A00B7BC9C /* LaunchScreen.storyboard in Resources */,
				1929290B26F1139A00B7BC9C /* Assets.xcassets in Resources */,
				1929290926F1139500B7BC9C /* Main.storyboard in Resources */,
			);
			runOnlyForDeploymentPostprocessing = 0;
		};
		1929291226F1139B00B7BC9C /* Resources */ = {
			isa = PBXResourcesBuildPhase;
			buildActionMask = 2147483647;
			files = (
			);
			runOnlyForDeploymentPostprocessing = 0;
		};
		1929291C26F1139B00B7BC9C /* Resources */ = {
			isa = PBXResourcesBuildPhase;
			buildActionMask = 2147483647;
			files = (
			);
			runOnlyForDeploymentPostprocessing = 0;
		};
/* End PBXResourcesBuildPhase section */

/* Begin PBXSourcesBuildPhase section */
		192928FA26F1139500B7BC9C /* Sources */ = {
			isa = PBXSourcesBuildPhase;
			buildActionMask = 2147483647;
			files = (
				1929290626F1139500B7BC9C /* ViewController.swift in Sources */,
				1929290226F1139500B7BC9C /* AppDelegate.swift in Sources */,
				1929290426F1139500B7BC9C /* SceneDelegate.swift in Sources */,
			);
			runOnlyForDeploymentPostprocessing = 0;
		};
		1929291026F1139B00B7BC9C /* Sources */ = {
			isa = PBXSourcesBuildPhase;
			buildActionMask = 2147483647;
			files = (
				1929291926F1139B00B7BC9C /* ProjectTransformerTests.swift in Sources */,
			);
			runOnlyForDeploymentPostprocessing = 0;
		};
		1929291A26F1139B00B7BC9C /* Sources */ = {
			isa = PBXSourcesBuildPhase;
			buildActionMask = 2147483647;
			files = (
				1929292526F1139B00B7BC9C /* ProjectTransformerUITestsLaunchTests.swift in Sources */,
				1929292326F1139B00B7BC9C /* ProjectTransformerUITests.swift in Sources */,
			);
			runOnlyForDeploymentPostprocessing = 0;
		};
/* End PBXSourcesBuildPhase section */

/* Begin PBXTargetDependency section */
		1929291626F1139B00B7BC9C /* PBXTargetDependency */ = {
			isa = PBXTargetDependency;
			target = 192928FD26F1139500B7BC9C /* ProjectTransformer */;
			targetProxy = 1929291526F1139B00B7BC9C /* PBXContainerItemProxy */;
		};
		1929292026F1139B00B7BC9C /* PBXTargetDependency */ = {
			isa = PBXTargetDependency;
			target = 192928FD26F1139500B7BC9C /* ProjectTransformer */;
			targetProxy = 1929291F26F1139B00B7BC9C /* PBXContainerItemProxy */;
		};
/* End PBXTargetDependency section */

/* Begin PBXVariantGroup section */
		1929290726F1139500B7BC9C /* Main.storyboard */ = {
			isa = PBXVariantGroup;
			children = (
				1929290826F1139500B7BC9C /* Base */,
			);
			name = Main.storyboard;
			sourceTree = "<group>";
		};
		1929290C26F1139A00B7BC9C /* LaunchScreen.storyboard */ = {
			isa = PBXVariantGroup;
			children = (
				1929290D26F1139A00B7BC9C /* Base */,
			);
			name = LaunchScreen.storyboard;
			sourceTree = "<group>";
		};
/* End PBXVariantGroup section */

/* Begin XCBuildConfiguration section */
		1929292626F1139B00B7BC9C /* Debug */ = {
			isa = XCBuildConfiguration;
			buildSettings = {
				ALWAYS_SEARCH_USER_PATHS = NO;
				CLANG_ANALYZER_NONNULL = YES;
				CLANG_ANALYZER_NUMBER_OBJECT_CONVERSION = YES_AGGRESSIVE;
				CLANG_CXX_LANGUAGE_STANDARD = "gnu++17";
				CLANG_CXX_LIBRARY = "libc++";
				CLANG_ENABLE_MODULES = YES;
				CLANG_ENABLE_OBJC_ARC = YES;
				CLANG_ENABLE_OBJC_WEAK = YES;
				CLANG_WARN_BLOCK_CAPTURE_AUTORELEASING = YES;
				CLANG_WARN_BOOL_CONVERSION = YES;
				CLANG_WARN_COMMA = YES;
				CLANG_WARN_CONSTANT_CONVERSION = YES;
				CLANG_WARN_DEPRECATED_OBJC_IMPLEMENTATIONS = YES;
				CLANG_WARN_DIRECT_OBJC_ISA_USAGE = YES_ERROR;
				CLANG_WARN_DOCUMENTATION_COMMENTS = YES;
				CLANG_WARN_EMPTY_BODY = YES;
				CLANG_WARN_ENUM_CONVERSION = YES;
				CLANG_WARN_INFINITE_RECURSION = YES;
				CLANG_WARN_INT_CONVERSION = YES;
				CLANG_WARN_NON_LITERAL_NULL_CONVERSION = YES;
				CLANG_WARN_OBJC_IMPLICIT_RETAIN_SELF = YES;
				CLANG_WARN_OBJC_LITERAL_CONVERSION = YES;
				CLANG_WARN_OBJC_ROOT_CLASS = YES_ERROR;
				CLANG_WARN_QUOTED_INCLUDE_IN_FRAMEWORK_HEADER = YES;
				CLANG_WARN_RANGE_LOOP_ANALYSIS = YES;
				CLANG_WARN_STRICT_PROTOTYPES = YES;
				CLANG_WARN_SUSPICIOUS_MOVE = YES;
				CLANG_WARN_UNGUARDED_AVAILABILITY = YES_AGGRESSIVE;
				CLANG_WARN_UNREACHABLE_CODE = YES;
				CLANG_WARN__DUPLICATE_METHOD_MATCH = YES;
				COPY_PHASE_STRIP = NO;
				DEBUG_INFORMATION_FORMAT = dwarf;
				ENABLE_STRICT_OBJC_MSGSEND = YES;
				ENABLE_TESTABILITY = YES;
				GCC_C_LANGUAGE_STANDARD = gnu11;
				GCC_DYNAMIC_NO_PIC = NO;
				GCC_NO_COMMON_BLOCKS = YES;
				GCC_OPTIMIZATION_LEVEL = 0;
				GCC_PREPROCESSOR_DEFINITIONS = (
					"DEBUG=1",
					"$(inherited)",
				);
				GCC_WARN_64_TO_32_BIT_CONVERSION = YES;
				GCC_WARN_ABOUT_RETURN_TYPE = YES_ERROR;
				GCC_WARN_UNDECLARED_SELECTOR = YES;
				GCC_WARN_UNINITIALIZED_AUTOS = YES_AGGRESSIVE;
				GCC_WARN_UNUSED_FUNCTION = YES;
				GCC_WARN_UNUSED_VARIABLE = YES;
				IPHONEOS_DEPLOYMENT_TARGET = 15.0;
				MTL_ENABLE_DEBUG_INFO = INCLUDE_SOURCE;
				MTL_FAST_MATH = YES;
				ONLY_ACTIVE_ARCH = YES;
				SDKROOT = iphoneos;
				SWIFT_ACTIVE_COMPILATION_CONDITIONS = DEBUG;
				SWIFT_OPTIMIZATION_LEVEL = "-Onone";
			};
			name = Debug;
		};
		1929292726F1139B00B7BC9C /* Release */ = {
			isa = XCBuildConfiguration;
			buildSettings = {
				ALWAYS_SEARCH_USER_PATHS = NO;
				CLANG_ANALYZER_NONNULL = YES;
				CLANG_ANALYZER_NUMBER_OBJECT_CONVERSION = YES_AGGRESSIVE;
				CLANG_CXX_LANGUAGE_STANDARD = "gnu++17";
				CLANG_CXX_LIBRARY = "libc++";
				CLANG_ENABLE_MODULES = YES;
				CLANG_ENABLE_OBJC_ARC = YES;
				CLANG_ENABLE_OBJC_WEAK = YES;
				CLANG_WARN_BLOCK_CAPTURE_AUTORELEASING = YES;
				CLANG_WARN_BOOL_CONVERSION = YES;
				CLANG_WARN_COMMA = YES;
				CLANG_WARN_CONSTANT_CONVERSION = YES;
				CLANG_WARN_DEPRECATED_OBJC_IMPLEMENTATIONS = YES;
				CLANG_WARN_DIRECT_OBJC_ISA_USAGE = YES_ERROR;
				CLANG_WARN_DOCUMENTATION_COMMENTS = YES;
				CLANG_WARN_EMPTY_BODY = YES;
				CLANG_WARN_ENUM_CONVERSION = YES;
				CLANG_WARN_INFINITE_RECURSION = YES;
				CLANG_WARN_INT_CONVERSION = YES;
				CLANG_WARN_NON_LITERAL_NULL_CONVERSION = YES;
				CLANG_WARN_OBJC_IMPLICIT_RETAIN_SELF = YES;
				CLANG_WARN_OBJC_LITERAL_CONVERSION = YES;
				CLANG_WARN_OBJC_ROOT_CLASS = YES_ERROR;
				CLANG_WARN_QUOTED_INCLUDE_IN_FRAMEWORK_HEADER = YES;
				CLANG_WARN_RANGE_LOOP_ANALYSIS = YES;
				CLANG_WARN_STRICT_PROTOTYPES = YES;
				CLANG_WARN_SUSPICIOUS_MOVE = YES;
				CLANG_WARN_UNGUARDED_AVAILABILITY = YES_AGGRESSIVE;
				CLANG_WARN_UNREACHABLE_CODE = YES;
				CLANG_WARN__DUPLICATE_METHOD_MATCH = YES;
				COPY_PHASE_STRIP = NO;
				DEBUG_INFORMATION_FORMAT = "dwarf-with-dsym";
				ENABLE_NS_ASSERTIONS = NO;
				ENABLE_STRICT_OBJC_MSGSEND = YES;
				GCC_C_LANGUAGE_STANDARD = gnu11;
				GCC_NO_COMMON_BLOCKS = YES;
				GCC_WARN_64_TO_32_BIT_CONVERSION = YES;
				GCC_WARN_ABOUT_RETURN_TYPE = YES_ERROR;
				GCC_WARN_UNDECLARED_SELECTOR = YES;
				GCC_WARN_UNINITIALIZED_AUTOS = YES_AGGRESSIVE;
				GCC_WARN_UNUSED_FUNCTION = YES;
				GCC_WARN_UNUSED_VARIABLE = YES;
				IPHONEOS_DEPLOYMENT_TARGET = 15.0;
				MTL_ENABLE_DEBUG_INFO = NO;
				MTL_FAST_MATH = YES;
				SDKROOT = iphoneos;
				SWIFT_COMPILATION_MODE = wholemodule;
				SWIFT_OPTIMIZATION_LEVEL = "-O";
				VALIDATE_PRODUCT = YES;
			};
			name = Release;
		};
		1929292926F1139B00B7BC9C /* Debug */ = {
			isa = XCBuildConfiguration;
			buildSettings = {
				ASSETCATALOG_COMPILER_APPICON_NAME = AppIcon;
				ASSETCATALOG_COMPILER_GLOBAL_ACCENT_COLOR_NAME = AccentColor;
				CODE_SIGN_STYLE = Automatic;
				CURRENT_PROJECT_VERSION = 1;
				DEVELOPMENT_TEAM = F89P772479;
				GENERATE_INFOPLIST_FILE = YES;
				INFOPLIST_FILE = ProjectTransformer/Info.plist;
				INFOPLIST_KEY_UIApplicationSupportsIndirectInputEvents = YES;
				INFOPLIST_KEY_UILaunchStoryboardName = LaunchScreen;
				INFOPLIST_KEY_UIMainStoryboardFile = Main;
				INFOPLIST_KEY_UISupportedInterfaceOrientations_iPad = "UIInterfaceOrientationPortrait UIInterfaceOrientationPortraitUpsideDown UIInterfaceOrientationLandscapeLeft UIInterfaceOrientationLandscapeRight";
				INFOPLIST_KEY_UISupportedInterfaceOrientations_iPhone = "UIInterfaceOrientationPortrait UIInterfaceOrientationLandscapeLeft UIInterfaceOrientationLandscapeRight";
				LD_RUNPATH_SEARCH_PATHS = (
					"$(inherited)",
					"@executable_path/Frameworks",
				);
				MARKETING_VERSION = 1.0;
				PRODUCT_BUNDLE_IDENTIFIER = project.ProjectTransformer;
				PRODUCT_NAME = "$(TARGET_NAME)";
				SWIFT_EMIT_LOC_STRINGS = YES;
				SWIFT_VERSION = 5.0;
				TARGETED_DEVICE_FAMILY = "1,2";
			};
			name = Debug;
		};
		1929292A26F1139B00B7BC9C /* Release */ = {
			isa = XCBuildConfiguration;
			buildSettings = {
				ASSETCATALOG_COMPILER_APPICON_NAME = AppIcon;
				ASSETCATALOG_COMPILER_GLOBAL_ACCENT_COLOR_NAME = AccentColor;
				CODE_SIGN_STYLE = Automatic;
				CURRENT_PROJECT_VERSION = 1;
				DEVELOPMENT_TEAM = F89P772479;
				GENERATE_INFOPLIST_FILE = YES;
				INFOPLIST_FILE = ProjectTransformer/Info.plist;
				INFOPLIST_KEY_UIApplicationSupportsIndirectInputEvents = YES;
				INFOPLIST_KEY_UILaunchStoryboardName = LaunchScreen;
				INFOPLIST_KEY_UIMainStoryboardFile = Main;
				INFOPLIST_KEY_UISupportedInterfaceOrientations_iPad = "UIInterfaceOrientationPortrait UIInterfaceOrientationPortraitUpsideDown UIInterfaceOrientationLandscapeLeft UIInterfaceOrientationLandscapeRight";
				INFOPLIST_KEY_UISupportedInterfaceOrientations_iPhone = "UIInterfaceOrientationPortrait UIInterfaceOrientationLandscapeLeft UIInterfaceOrientationLandscapeRight";
				LD_RUNPATH_SEARCH_PATHS = (
					"$(inherited)",
					"@executable_path/Frameworks",
				);
				MARKETING_VERSION = 1.0;
				PRODUCT_BUNDLE_IDENTIFIER = project.ProjectTransformer;
				PRODUCT_NAME = "$(TARGET_NAME)";
				SWIFT_EMIT_LOC_STRINGS = YES;
				SWIFT_VERSION = 5.0;
				TARGETED_DEVICE_FAMILY = "1,2";
			};
			name = Release;
		};
		1929292C26F1139B00B7BC9C /* Debug */ = {
			isa = XCBuildConfiguration;
			buildSettings = {
				ALWAYS_EMBED_SWIFT_STANDARD_LIBRARIES = YES;
				BUNDLE_LOADER = "$(TEST_HOST)";
				CODE_SIGN_STYLE = Automatic;
				CURRENT_PROJECT_VERSION = 1;
				DEVELOPMENT_TEAM = F89P772479;
				GENERATE_INFOPLIST_FILE = YES;
				IPHONEOS_DEPLOYMENT_TARGET = 15.0;
				LD_RUNPATH_SEARCH_PATHS = (
					"$(inherited)",
					"@executable_path/Frameworks",
					"@loader_path/Frameworks",
				);
				MARKETING_VERSION = 1.0;
				PRODUCT_BUNDLE_IDENTIFIER = project.ProjectTransformerTests;
				PRODUCT_NAME = "$(TARGET_NAME)";
				SWIFT_EMIT_LOC_STRINGS = NO;
				SWIFT_VERSION = 5.0;
				TARGETED_DEVICE_FAMILY = "1,2";
				TEST_HOST = "$(BUILT_PRODUCTS_DIR)/ProjectTransformer.app/ProjectTransformer";
			};
			name = Debug;
		};
		1929292D26F1139B00B7BC9C /* Release */ = {
			isa = XCBuildConfiguration;
			buildSettings = {
				ALWAYS_EMBED_SWIFT_STANDARD_LIBRARIES = YES;
				BUNDLE_LOADER = "$(TEST_HOST)";
				CODE_SIGN_STYLE = Automatic;
				CURRENT_PROJECT_VERSION = 1;
				DEVELOPMENT_TEAM = F89P772479;
				GENERATE_INFOPLIST_FILE = YES;
				IPHONEOS_DEPLOYMENT_TARGET = 15.0;
				LD_RUNPATH_SEARCH_PATHS = (
					"$(inherited)",
					"@executable_path/Frameworks",
					"@loader_path/Frameworks",
				);
				MARKETING_VERSION = 1.0;
				PRODUCT_BUNDLE_IDENTIFIER = project.ProjectTransformerTests;
				PRODUCT_NAME = "$(TARGET_NAME)";
				SWIFT_EMIT_LOC_STRINGS = NO;
				SWIFT_VERSION = 5.0;
				TARGETED_DEVICE_FAMILY = "1,2";
				TEST_HOST = "$(BUILT_PRODUCTS_DIR)/ProjectTransformer.app/ProjectTransformer";
			};
			name = Release;
		};
		1929292F26F1139B00B7BC9C /* Debug */ = {
			isa = XCBuildConfiguration;
			buildSettings = {
				ALWAYS_EMBED_SWIFT_STANDARD_LIBRARIES = YES;
				CODE_SIGN_STYLE = Automatic;
				CURRENT_PROJECT_VERSION = 1;
				DEVELOPMENT_TEAM = F89P772479;
				GENERATE_INFOPLIST_FILE = YES;
				LD_RUNPATH_SEARCH_PATHS = (
					"$(inherited)",
					"@executable_path/Frameworks",
					"@loader_path/Frameworks",
				);
				MARKETING_VERSION = 1.0;
				PRODUCT_BUNDLE_IDENTIFIER = project.ProjectTransformerUITests;
				PRODUCT_NAME = "$(TARGET_NAME)";
				SWIFT_EMIT_LOC_STRINGS = NO;
				SWIFT_VERSION = 5.0;
				TARGETED_DEVICE_FAMILY = "1,2";
				TEST_TARGET_NAME = ProjectTransformer;
			};
			name = Debug;
		};
		1929293026F1139B00B7BC9C /* Release */ = {
			isa = XCBuildConfiguration;
			buildSettings = {
				ALWAYS_EMBED_SWIFT_STANDARD_LIBRARIES = YES;
				CODE_SIGN_STYLE = Automatic;
				CURRENT_PROJECT_VERSION = 1;
				DEVELOPMENT_TEAM = F89P772479;
				GENERATE_INFOPLIST_FILE = YES;
				LD_RUNPATH_SEARCH_PATHS = (
					"$(inherited)",
					"@executable_path/Frameworks",
					"@loader_path/Frameworks",
				);
				MARKETING_VERSION = 1.0;
				PRODUCT_BUNDLE_IDENTIFIER = project.ProjectTransformerUITests;
				PRODUCT_NAME = "$(TARGET_NAME)";
				SWIFT_EMIT_LOC_STRINGS = NO;
				SWIFT_VERSION = 5.0;
				TARGETED_DEVICE_FAMILY = "1,2";
				TEST_TARGET_NAME = ProjectTransformer;
			};
			name = Release;
		};
/* End XCBuildConfiguration section */

/* Begin XCConfigurationList section */
		192928F926F1139500B7BC9C /* Build configuration list for PBXProject "ProjectTransformer" */ = {
			isa = XCConfigurationList;
			buildConfigurations = (
				1929292626F1139B00B7BC9C /* Debug */,
				1929292726F1139B00B7BC9C /* Release */,
			);
			defaultConfigurationIsVisible = 0;
			defaultConfigurationName = Release;
		};
		1929292826F1139B00B7BC9C /* Build configuration list for PBXNativeTarget "ProjectTransformer" */ = {
			isa = XCConfigurationList;
			buildConfigurations = (
				1929292926F1139B00B7BC9C /* Debug */,
				1929292A26F1139B00B7BC9C /* Release */,
			);
			defaultConfigurationIsVisible = 0;
			defaultConfigurationName = Release;
		};
		1929292B26F1139B00B7BC9C /* Build configuration list for PBXNativeTarget "ProjectTransformerTests" */ = {
			isa = XCConfigurationList;
			buildConfigurations = (
				1929292C26F1139B00B7BC9C /* Debug */,
				1929292D26F1139B00B7BC9C /* Release */,
			);
			defaultConfigurationIsVisible = 0;
			defaultConfigurationName = Release;
		};
		1929292E26F1139B00B7BC9C /* Build configuration list for PBXNativeTarget "ProjectTransformerUITests" */ = {
			isa = XCConfigurationList;
			buildConfigurations = (
				1929292F26F1139B00B7BC9C /* Debug */,
				1929293026F1139B00B7BC9C /* Release */,
			);
			defaultConfigurationIsVisible = 0;
			defaultConfigurationName = Release;
		};
/* End XCConfigurationList section */
	};
	rootObject = 192928F626F1139500B7BC9C /* Project object */;
}
